
Microsoft Visual Studio Solution File, Format Version 12.00
# Visual Studio 15
VisualStudioVersion = 15.0.28307.1525
MinimumVisualStudioVersion = 10.0.40219.1
Project("{FAE04EC0-301F-11D3-BF4B-00C04F79EFBC}") = "PicoBoard", "PicoBoard\PicoBoard.csproj", "{0916DD90-EE80-4F33-A3FD-DB2226DCCD5D}"
EndProject
Global
	GlobalSection(SolutionConfigurationPlatforms) = preSolution
		Debug|Any CPU = Debug|Any CPU
		Release|Any CPU = Release|Any CPU
	EndGlobalSection
	GlobalSection(ProjectConfigurationPlatforms) = postSolution
		{0916DD90-EE80-4F33-A3FD-DB2226DCCD5D}.Debug|Any CPU.ActiveCfg = Debug|Any CPU
		{0916DD90-EE80-4F33-A3FD-DB2226DCCD5D}.Debug|Any CPU.Build.0 = Debug|Any CPU
		{0916DD90-EE80-4F33-A3FD-DB2226DCCD5D}.Release|Any CPU.ActiveCfg = Release|Any CPU
		{0916DD90-EE80-4F33-A3FD-DB2226DCCD5D}.Release|Any CPU.Build.0 = Release|Any CPU
	EndGlobalSection
	GlobalSection(SolutionProperties) = preSolution
		HideSolutionNode = FALSE
	EndGlobalSection
	GlobalSection(ExtensibilityGlobals) = postSolution
		SolutionGuid = {52FFEFF8-6115-43DE-A2A8-97D4412C8F98}
	EndGlobalSection
EndGlobal
